{
    "_readme": [
        "This file locks the dependencies of your project to a known state",
        "Read more about it at https://getcomposer.org/doc/01-basic-usage.md#installing-dependencies",
        "This file is @generated automatically"
    ],
    "content-hash": "b4188be657a1ee09d34c35c539e3e544",
    "packages": [
        {
            "name": "ephect-io/framework",
            "version": "dev-featured",
            "source": {
                "type": "git",
                "url": "https://github.com/ephect-io/framework.git",
                "reference": "8c20519e06d79f01069358f63d19a4944a26d57e"
            },
            "dist": {
                "type": "zip",
                "url": "https://api.github.com/repos/ephect-io/framework/zipball/8c20519e06d79f01069358f63d19a4944a26d57e",
                "reference": "8c20519e06d79f01069358f63d19a4944a26d57e",
                "shasum": ""
            },
            "require": {
                "ext-curl": "*",
                "ext-iconv": "*",
                "ext-mysqlnd": "*",
                "ext-pdo": "*",
                "ext-readline": "*",
                "ext-sqlite3": "*",
                "ext-zip": "*",
                "php": "^8.2"
            },
            "type": "library",
            "notification-url": "https://packagist.org/downloads/",
            "license": [
                "GPL-3.0+"
            ],
            "authors": [
                {
                    "name": "David Blanchard",
                    "email": "dpjb@hotmail.fr",
                    "homepage": "https://ephect.io",
                    "role": "Creator"
                }
            ],
            "description": "Effective PHP",
            "homepage": "https://ephect.io",
            "support": {
                "issues": "https://github.com/ephect-io/framework/issues",
                "source": "https://github.com/ephect-io/framework/tree/featured"
            },
            "time": "2024-07-29T06:56:30+00:00"
        }
    ],
    "packages-dev": [
        {
            "name": "ephect-io/toolbox",
            "version": "dev-develop",
            "source": {
                "type": "git",
                "url": "https://github.com/ephect-io/toolbox.git",
                "reference": "8c4c48fb580da6bf5b1dedb91d78deb02462ebd2"
            },
            "dist": {
                "type": "zip",
                "url": "https://api.github.com/repos/ephect-io/toolbox/zipball/8c4c48fb580da6bf5b1dedb91d78deb02462ebd2",
                "reference": "8c4c48fb580da6bf5b1dedb91d78deb02462ebd2",
                "shasum": ""
            },
            "require": {
                "ephect-io/framework": "dev-featured"
            },
            "bin": [
                "bin/epehct-io_toolbox_install.sh"
            ],
            "type": "library",
            "autoload": {
                "psr-4": {
                    "Ephect\\Toolbox\\": "app/"
                }
            },
            "notification-url": "https://packagist.org/downloads/",
            "license": [
                "GPL-3.0+"
            ],
            "authors": [
                {
                    "name": "David Blanchard",
                    "email": "dpjb@hotmail.fr",
                    "homepage": "https://ephect.io",
                    "role": "Creator"
                }
            ],
            "description": "A bunch of scripts to help developing with Ephect framework",
            "homepage": "https://ephect.io",
            "support": {
                "issues": "https://github.com/ephect-io/toolbox/issues",
                "source": "https://github.com/ephect-io/toolbox/tree/develop"
            },
            "time": "2024-07-29T07:00:20+00:00"
        }
    ],
    "aliases": [],
    "minimum-stability": "stable",
    "stability-flags": {
        "ephect-io/framework": 20,
        "ephect-io/toolbox": 20
    },
    "prefer-stable": false,
    "prefer-lowest": false,
    "platform": [],
    "platform-dev": [],
    "plugin-api-version": "2.6.0"
}
