{
    "_readme": [
        "This file locks the dependencies of your project to a known state",
        "Read more about it at https://getcomposer.org/doc/01-basic-usage.md#installing-dependencies",
        "This file is @generated automatically"
    ],
    "content-hash": "5b74187fd5bb2d2ad1346bcb70966274",
    "packages": [
        {
            "name": "ephect-io/framework",
            "version": "dev-develop",
            "source": {
                "type": "git",
                "url": "https://github.com/ephect-io/framework.git",
                "reference": "381bba7a6b26a45e26654a6ad824852b33861c2e"
            },
            "dist": {
                "type": "zip",
                "url": "https://api.github.com/repos/ephect-io/framework/zipball/381bba7a6b26a45e26654a6ad824852b33861c2e",
                "reference": "381bba7a6b26a45e26654a6ad824852b33861c2e",
                "shasum": ""
            },
            "require": {
                "ext-curl": "*",
                "ext-iconv": "*",
                "ext-mysqlnd": "*",
                "ext-pdo": "*",
                "ext-readline": "*",
                "ext-sqlite3": "*",
                "ext-zip": "*",
                "php": "^8.2"
            },
            "type": "library",
            "notification-url": "https://packagist.org/downloads/",
            "license": [
                "GPL-3.0+"
            ],
            "authors": [
                {
                    "name": "David Blanchard",
                    "email": "dpjb@hotmail.fr",
                    "homepage": "https://ephect.io",
                    "role": "Creator"
                }
            ],
            "description": "Effective PHP",
            "homepage": "https://ephect.io",
            "support": {
                "issues": "https://github.com/ephect-io/framework/issues",
                "source": "https://github.com/ephect-io/framework/tree/develop"
            },
            "time": "2024-08-17T11:44:08+00:00"
        }
    ],
    "packages-dev": [],
    "aliases": [],
    "minimum-stability": "stable",
    "stability-flags": {
        "ephect-io/framework": 20
    },
    "prefer-stable": false,
    "prefer-lowest": false,
    "platform": [],
    "platform-dev": [],
    "plugin-api-version": "2.6.0"
}
